
Microsoft Visual Studio Solution File, Format Version 12.00
# Visual Studio 2013
VisualStudioVersion = 12.0.21005.1
MinimumVisualStudioVersion = 10.0.40219.1
Project("{FAE04EC0-301F-11D3-BF4B-00C04F79EFBC}") = "01.CheckValidInteger", "01.CheckValidInteger\01.CheckValidInteger.csproj", "{F97166BE-8052-42D7-A1FD-BA4917351B26}"
EndProject
Project("{FAE04EC0-301F-11D3-BF4B-00C04F79EFBC}") = "02.Boundaries", "02.Boundaries\02.Boundaries.csproj", "{F62FE049-BF98-4C85-B3BE-0D3AE70C90FA}"
EndProject
Project("{FAE04EC0-301F-11D3-BF4B-00C04F79EFBC}") = "03.ShowMeTheText", "03.ShowMeTheText\03.ShowMeTheText.csproj", "{AECADCDD-5339-477C-8595-8AC8F85EB449}"
EndProject
Project("{FAE04EC0-301F-11D3-BF4B-00C04F79EFBC}") = "04.DownloadFile", "04.DownloadFile\04.DownloadFile.csproj", "{1E85E84C-A193-4521-A30E-6C34B81774C0}"
EndProject
Global
	GlobalSection(SolutionConfigurationPlatforms) = preSolution
		Debug|Any CPU = Debug|Any CPU
		Release|Any CPU = Release|Any CPU
	EndGlobalSection
	GlobalSection(ProjectConfigurationPlatforms) = postSolution
		{F97166BE-8052-42D7-A1FD-BA4917351B26}.Debug|Any CPU.ActiveCfg = Debug|Any CPU
		{F97166BE-8052-42D7-A1FD-BA4917351B26}.Debug|Any CPU.Build.0 = Debug|Any CPU
		{F97166BE-8052-42D7-A1FD-BA4917351B26}.Release|Any CPU.ActiveCfg = Release|Any CPU
		{F97166BE-8052-42D7-A1FD-BA4917351B26}.Release|Any CPU.Build.0 = Release|Any CPU
		{F62FE049-BF98-4C85-B3BE-0D3AE70C90FA}.Debug|Any CPU.ActiveCfg = Debug|Any CPU
		{F62FE049-BF98-4C85-B3BE-0D3AE70C90FA}.Debug|Any CPU.Build.0 = Debug|Any CPU
		{F62FE049-BF98-4C85-B3BE-0D3AE70C90FA}.Release|Any CPU.ActiveCfg = Release|Any CPU
		{F62FE049-BF98-4C85-B3BE-0D3AE70C90FA}.Release|Any CPU.Build.0 = Release|Any CPU
		{AECADCDD-5339-477C-8595-8AC8F85EB449}.Debug|Any CPU.ActiveCfg = Debug|Any CPU
		{AECADCDD-5339-477C-8595-8AC8F85EB449}.Debug|Any CPU.Build.0 = Debug|Any CPU
		{AECADCDD-5339-477C-8595-8AC8F85EB449}.Release|Any CPU.ActiveCfg = Release|Any CPU
		{AECADCDD-5339-477C-8595-8AC8F85EB449}.Release|Any CPU.Build.0 = Release|Any CPU
		{1E85E84C-A193-4521-A30E-6C34B81774C0}.Debug|Any CPU.ActiveCfg = Debug|Any CPU
		{1E85E84C-A193-4521-A30E-6C34B81774C0}.Debug|Any CPU.Build.0 = Debug|Any CPU
		{1E85E84C-A193-4521-A30E-6C34B81774C0}.Release|Any CPU.ActiveCfg = Release|Any CPU
		{1E85E84C-A193-4521-A30E-6C34B81774C0}.Release|Any CPU.Build.0 = Release|Any CPU
	EndGlobalSection
	GlobalSection(SolutionProperties) = preSolution
		HideSolutionNode = FALSE
	EndGlobalSection
EndGlobal
