
Microsoft Visual Studio Solution File, Format Version 12.00
# Visual Studio 2013
VisualStudioVersion = 12.0.21005.1
MinimumVisualStudioVersion = 10.0.40219.1
Project("{FAE04EC0-301F-11D3-BF4B-00C04F79EFBC}") = "01 Hello CSharp", "01 Hello CSharp\01 Hello CSharp.csproj", "{CCBC2C37-3A4A-494E-BA04-B46CA1D7FD55}"
EndProject
Project("{FAE04EC0-301F-11D3-BF4B-00C04F79EFBC}") = "02 Print name", "02 Print name\02 Print name.csproj", "{DA0021BF-9BF8-4603-B5EF-19AAEF7BCE02}"
EndProject
Project("{FAE04EC0-301F-11D3-BF4B-00C04F79EFBC}") = "03 Numbers", "03 Numbers\03 Numbers.csproj", "{509DE0C5-9BE7-4A89-872E-D7B889C7CECC}"
EndProject
Project("{FAE04EC0-301F-11D3-BF4B-00C04F79EFBC}") = "04 First second name", "04 First second name\04 First second name.csproj", "{630EB491-9141-405F-8BE5-6624ACC02868}"
EndProject
Project("{FAE04EC0-301F-11D3-BF4B-00C04F79EFBC}") = "05 Current time", "05 Current time\05 Current time.csproj", "{5D218668-CE48-4568-9008-9383464CBB25}"
EndProject
Project("{FAE04EC0-301F-11D3-BF4B-00C04F79EFBC}") = "06 Square root", "06 Square root\06 Square root.csproj", "{D5298619-7386-44BE-B5FB-2DD662B88A2B}"
EndProject
Project("{FAE04EC0-301F-11D3-BF4B-00C04F79EFBC}") = "07 Sequence", "07 Sequence\07 Sequence.csproj", "{E8D26387-FF5F-428D-870A-D55E94C88BD2}"
EndProject
Project("{FAE04EC0-301F-11D3-BF4B-00C04F79EFBC}") = "08 Age Calculator", "08 Age Calculator\08 Age Calculator.csproj", "{35D61534-F26E-4B76-A799-406FE685BF63}"
EndProject
Global
	GlobalSection(SolutionConfigurationPlatforms) = preSolution
		Debug|Any CPU = Debug|Any CPU
		Release|Any CPU = Release|Any CPU
	EndGlobalSection
	GlobalSection(ProjectConfigurationPlatforms) = postSolution
		{CCBC2C37-3A4A-494E-BA04-B46CA1D7FD55}.Debug|Any CPU.ActiveCfg = Debug|Any CPU
		{CCBC2C37-3A4A-494E-BA04-B46CA1D7FD55}.Debug|Any CPU.Build.0 = Debug|Any CPU
		{CCBC2C37-3A4A-494E-BA04-B46CA1D7FD55}.Release|Any CPU.ActiveCfg = Release|Any CPU
		{CCBC2C37-3A4A-494E-BA04-B46CA1D7FD55}.Release|Any CPU.Build.0 = Release|Any CPU
		{DA0021BF-9BF8-4603-B5EF-19AAEF7BCE02}.Debug|Any CPU.ActiveCfg = Debug|Any CPU
		{DA0021BF-9BF8-4603-B5EF-19AAEF7BCE02}.Debug|Any CPU.Build.0 = Debug|Any CPU
		{DA0021BF-9BF8-4603-B5EF-19AAEF7BCE02}.Release|Any CPU.ActiveCfg = Release|Any CPU
		{DA0021BF-9BF8-4603-B5EF-19AAEF7BCE02}.Release|Any CPU.Build.0 = Release|Any CPU
		{509DE0C5-9BE7-4A89-872E-D7B889C7CECC}.Debug|Any CPU.ActiveCfg = Debug|Any CPU
		{509DE0C5-9BE7-4A89-872E-D7B889C7CECC}.Debug|Any CPU.Build.0 = Debug|Any CPU
		{509DE0C5-9BE7-4A89-872E-D7B889C7CECC}.Release|Any CPU.ActiveCfg = Release|Any CPU
		{509DE0C5-9BE7-4A89-872E-D7B889C7CECC}.Release|Any CPU.Build.0 = Release|Any CPU
		{630EB491-9141-405F-8BE5-6624ACC02868}.Debug|Any CPU.ActiveCfg = Debug|Any CPU
		{630EB491-9141-405F-8BE5-6624ACC02868}.Debug|Any CPU.Build.0 = Debug|Any CPU
		{630EB491-9141-405F-8BE5-6624ACC02868}.Release|Any CPU.ActiveCfg = Release|Any CPU
		{630EB491-9141-405F-8BE5-6624ACC02868}.Release|Any CPU.Build.0 = Release|Any CPU
		{5D218668-CE48-4568-9008-9383464CBB25}.Debug|Any CPU.ActiveCfg = Debug|Any CPU
		{5D218668-CE48-4568-9008-9383464CBB25}.Debug|Any CPU.Build.0 = Debug|Any CPU
		{5D218668-CE48-4568-9008-9383464CBB25}.Release|Any CPU.ActiveCfg = Release|Any CPU
		{5D218668-CE48-4568-9008-9383464CBB25}.Release|Any CPU.Build.0 = Release|Any CPU
		{D5298619-7386-44BE-B5FB-2DD662B88A2B}.Debug|Any CPU.ActiveCfg = Debug|Any CPU
		{D5298619-7386-44BE-B5FB-2DD662B88A2B}.Debug|Any CPU.Build.0 = Debug|Any CPU
		{D5298619-7386-44BE-B5FB-2DD662B88A2B}.Release|Any CPU.ActiveCfg = Release|Any CPU
		{D5298619-7386-44BE-B5FB-2DD662B88A2B}.Release|Any CPU.Build.0 = Release|Any CPU
		{E8D26387-FF5F-428D-870A-D55E94C88BD2}.Debug|Any CPU.ActiveCfg = Debug|Any CPU
		{E8D26387-FF5F-428D-870A-D55E94C88BD2}.Debug|Any CPU.Build.0 = Debug|Any CPU
		{E8D26387-FF5F-428D-870A-D55E94C88BD2}.Release|Any CPU.ActiveCfg = Release|Any CPU
		{E8D26387-FF5F-428D-870A-D55E94C88BD2}.Release|Any CPU.Build.0 = Release|Any CPU
		{35D61534-F26E-4B76-A799-406FE685BF63}.Debug|Any CPU.ActiveCfg = Debug|Any CPU
		{35D61534-F26E-4B76-A799-406FE685BF63}.Debug|Any CPU.Build.0 = Debug|Any CPU
		{35D61534-F26E-4B76-A799-406FE685BF63}.Release|Any CPU.ActiveCfg = Release|Any CPU
		{35D61534-F26E-4B76-A799-406FE685BF63}.Release|Any CPU.Build.0 = Release|Any CPU
	EndGlobalSection
	GlobalSection(SolutionProperties) = preSolution
		HideSolutionNode = FALSE
	EndGlobalSection
EndGlobal
